
Microsoft Visual Studio Solution File, Format Version 12.00
# Visual Studio Version 17
VisualStudioVersion = 17.0.32112.339
MinimumVisualStudioVersion = 10.0.40219.1
Project("{FAE04EC0-301F-11D3-BF4B-00C04F79EFBC}") = "Practice-Yield", "Practice-Yield\Practice-Yield.csproj", "{59D13BE1-7535-488A-A699-61AAC2F2C2A0}"
EndProject
Global
	GlobalSection(SolutionConfigurationPlatforms) = preSolution
		Debug|Any CPU = Debug|Any CPU
		Release|Any CPU = Release|Any CPU
	EndGlobalSection
	GlobalSection(ProjectConfigurationPlatforms) = postSolution
		{59D13BE1-7535-488A-A699-61AAC2F2C2A0}.Debug|Any CPU.ActiveCfg = Debug|Any CPU
		{59D13BE1-7535-488A-A699-61AAC2F2C2A0}.Debug|Any CPU.Build.0 = Debug|Any CPU
		{59D13BE1-7535-488A-A699-61AAC2F2C2A0}.Release|Any CPU.ActiveCfg = Release|Any CPU
		{59D13BE1-7535-488A-A699-61AAC2F2C2A0}.Release|Any CPU.Build.0 = Release|Any CPU
	EndGlobalSection
	GlobalSection(SolutionProperties) = preSolution
		HideSolutionNode = FALSE
	EndGlobalSection
	GlobalSection(ExtensibilityGlobals) = postSolution
		SolutionGuid = {01176D07-6A77-493A-A80F-7296ECF8D185}
	EndGlobalSection
EndGlobal
